
Microsoft Visual Studio Solution File, Format Version 12.00
# Visual Studio Version 17
VisualStudioVersion = 17.8.34330.188
MinimumVisualStudioVersion = 10.0.40219.1
Project("{FAE04EC0-301F-11D3-BF4B-00C04F79EFBC}") = "UploadProject", "UploadProject\UploadProject.csproj", "{BDD307AE-2899-4334-9572-728BDDF53B04}"
EndProject
Global
	GlobalSection(SolutionConfigurationPlatforms) = preSolution
		Debug|Any CPU = Debug|Any CPU
		Release|Any CPU = Release|Any CPU
	EndGlobalSection
	GlobalSection(ProjectConfigurationPlatforms) = postSolution
		{BDD307AE-2899-4334-9572-728BDDF53B04}.Debug|Any CPU.ActiveCfg = Debug|Any CPU
		{BDD307AE-2899-4334-9572-728BDDF53B04}.Debug|Any CPU.Build.0 = Debug|Any CPU
		{BDD307AE-2899-4334-9572-728BDDF53B04}.Release|Any CPU.ActiveCfg = Release|Any CPU
		{BDD307AE-2899-4334-9572-728BDDF53B04}.Release|Any CPU.Build.0 = Release|Any CPU
	EndGlobalSection
	GlobalSection(SolutionProperties) = preSolution
		HideSolutionNode = FALSE
	EndGlobalSection
	GlobalSection(ExtensibilityGlobals) = postSolution
		SolutionGuid = {D35BE17C-BB23-4A8F-A86B-90951D859063}
	EndGlobalSection
EndGlobal
